
Microsoft Visual Studio Solution File, Format Version 12.00
# Visual Studio Version 16
VisualStudioVersion = 16.6.30114.105
MinimumVisualStudioVersion = 10.0.40219.1
Project("{FAE04EC0-301F-11D3-BF4B-00C04F79EFBC}") = "InvoicesManager", "InvoicesManager\InvoicesManager.csproj", "{A8F5E790-16CD-4F5E-ADF2-6764C563C3AD}"
EndProject
Project("{FAE04EC0-301F-11D3-BF4B-00C04F79EFBC}") = "Point3D", "Point3D\Point3D.csproj", "{83FBE12A-E17A-46CA-9F68-B4C064B1045E}"
EndProject
Project("{FAE04EC0-301F-11D3-BF4B-00C04F79EFBC}") = "Building", "Building\Building.csproj", "{A30798C8-9FDB-4B70-8EE9-EDCD85CB3022}"
EndProject
Global
	GlobalSection(SolutionConfigurationPlatforms) = preSolution
		Debug|Any CPU = Debug|Any CPU
		Debug|x64 = Debug|x64
		Debug|x86 = Debug|x86
		Release|Any CPU = Release|Any CPU
		Release|x64 = Release|x64
		Release|x86 = Release|x86
	EndGlobalSection
	GlobalSection(SolutionProperties) = preSolution
		HideSolutionNode = FALSE
	EndGlobalSection
	GlobalSection(ProjectConfigurationPlatforms) = postSolution
		{A8F5E790-16CD-4F5E-ADF2-6764C563C3AD}.Debug|Any CPU.ActiveCfg = Debug|Any CPU
		{A8F5E790-16CD-4F5E-ADF2-6764C563C3AD}.Debug|Any CPU.Build.0 = Debug|Any CPU
		{A8F5E790-16CD-4F5E-ADF2-6764C563C3AD}.Debug|x64.ActiveCfg = Debug|Any CPU
		{A8F5E790-16CD-4F5E-ADF2-6764C563C3AD}.Debug|x64.Build.0 = Debug|Any CPU
		{A8F5E790-16CD-4F5E-ADF2-6764C563C3AD}.Debug|x86.ActiveCfg = Debug|Any CPU
		{A8F5E790-16CD-4F5E-ADF2-6764C563C3AD}.Debug|x86.Build.0 = Debug|Any CPU
		{A8F5E790-16CD-4F5E-ADF2-6764C563C3AD}.Release|Any CPU.ActiveCfg = Release|Any CPU
		{A8F5E790-16CD-4F5E-ADF2-6764C563C3AD}.Release|Any CPU.Build.0 = Release|Any CPU
		{A8F5E790-16CD-4F5E-ADF2-6764C563C3AD}.Release|x64.ActiveCfg = Release|Any CPU
		{A8F5E790-16CD-4F5E-ADF2-6764C563C3AD}.Release|x64.Build.0 = Release|Any CPU
		{A8F5E790-16CD-4F5E-ADF2-6764C563C3AD}.Release|x86.ActiveCfg = Release|Any CPU
		{A8F5E790-16CD-4F5E-ADF2-6764C563C3AD}.Release|x86.Build.0 = Release|Any CPU
		{83FBE12A-E17A-46CA-9F68-B4C064B1045E}.Debug|Any CPU.ActiveCfg = Debug|Any CPU
		{83FBE12A-E17A-46CA-9F68-B4C064B1045E}.Debug|Any CPU.Build.0 = Debug|Any CPU
		{83FBE12A-E17A-46CA-9F68-B4C064B1045E}.Debug|x64.ActiveCfg = Debug|Any CPU
		{83FBE12A-E17A-46CA-9F68-B4C064B1045E}.Debug|x64.Build.0 = Debug|Any CPU
		{83FBE12A-E17A-46CA-9F68-B4C064B1045E}.Debug|x86.ActiveCfg = Debug|Any CPU
		{83FBE12A-E17A-46CA-9F68-B4C064B1045E}.Debug|x86.Build.0 = Debug|Any CPU
		{83FBE12A-E17A-46CA-9F68-B4C064B1045E}.Release|Any CPU.ActiveCfg = Release|Any CPU
		{83FBE12A-E17A-46CA-9F68-B4C064B1045E}.Release|Any CPU.Build.0 = Release|Any CPU
		{83FBE12A-E17A-46CA-9F68-B4C064B1045E}.Release|x64.ActiveCfg = Release|Any CPU
		{83FBE12A-E17A-46CA-9F68-B4C064B1045E}.Release|x64.Build.0 = Release|Any CPU
		{83FBE12A-E17A-46CA-9F68-B4C064B1045E}.Release|x86.ActiveCfg = Release|Any CPU
		{83FBE12A-E17A-46CA-9F68-B4C064B1045E}.Release|x86.Build.0 = Release|Any CPU
		{A30798C8-9FDB-4B70-8EE9-EDCD85CB3022}.Debug|Any CPU.ActiveCfg = Debug|Any CPU
		{A30798C8-9FDB-4B70-8EE9-EDCD85CB3022}.Debug|Any CPU.Build.0 = Debug|Any CPU
		{A30798C8-9FDB-4B70-8EE9-EDCD85CB3022}.Debug|x64.ActiveCfg = Debug|Any CPU
		{A30798C8-9FDB-4B70-8EE9-EDCD85CB3022}.Debug|x64.Build.0 = Debug|Any CPU
		{A30798C8-9FDB-4B70-8EE9-EDCD85CB3022}.Debug|x86.ActiveCfg = Debug|Any CPU
		{A30798C8-9FDB-4B70-8EE9-EDCD85CB3022}.Debug|x86.Build.0 = Debug|Any CPU
		{A30798C8-9FDB-4B70-8EE9-EDCD85CB3022}.Release|Any CPU.ActiveCfg = Release|Any CPU
		{A30798C8-9FDB-4B70-8EE9-EDCD85CB3022}.Release|Any CPU.Build.0 = Release|Any CPU
		{A30798C8-9FDB-4B70-8EE9-EDCD85CB3022}.Release|x64.ActiveCfg = Release|Any CPU
		{A30798C8-9FDB-4B70-8EE9-EDCD85CB3022}.Release|x64.Build.0 = Release|Any CPU
		{A30798C8-9FDB-4B70-8EE9-EDCD85CB3022}.Release|x86.ActiveCfg = Release|Any CPU
		{A30798C8-9FDB-4B70-8EE9-EDCD85CB3022}.Release|x86.Build.0 = Release|Any CPU
	EndGlobalSection
EndGlobal
